
Microsoft Visual Studio Solution File, Format Version 12.00
# Visual Studio Version 16
VisualStudioVersion = 16.0.30524.135
MinimumVisualStudioVersion = 15.0.26124.0
Project("{9A19103F-16F7-4668-BE54-9A1E7A4F7556}") = "Ethereality.DoublyConnectedEdgeList", "src\Ethereality.DoublyConnectedEdgeList\Ethereality.DoublyConnectedEdgeList.csproj", "{0EEC68CC-6748-4F33-9589-FB546430FCDE}"
EndProject
Project("{9A19103F-16F7-4668-BE54-9A1E7A4F7556}") = "Ethereality.DoublyConnectedEdgeList.Tests", "tests\Ethereality.DoublyConnectedEdgeList.Tests\Ethereality.DoublyConnectedEdgeList.Tests.csproj", "{0AF23E1A-A511-41DA-9CCC-D25F8C33B6E9}"
EndProject
Project("{2150E333-8FDC-42A3-9474-1A3956D46DE8}") = "src", "src", "{C319F810-566E-4891-BAE4-18BFD314BEA1}"
EndProject
Project("{2150E333-8FDC-42A3-9474-1A3956D46DE8}") = "tests", "tests", "{95AA5431-86A5-4378-929C-BDC812C732EE}"
EndProject
Global
	GlobalSection(SolutionConfigurationPlatforms) = preSolution
		Debug|Any CPU = Debug|Any CPU
		Debug|x64 = Debug|x64
		Debug|x86 = Debug|x86
		Release|Any CPU = Release|Any CPU
		Release|x64 = Release|x64
		Release|x86 = Release|x86
	EndGlobalSection
	GlobalSection(ProjectConfigurationPlatforms) = postSolution
		{0EEC68CC-6748-4F33-9589-FB546430FCDE}.Debug|Any CPU.ActiveCfg = Debug|Any CPU
		{0EEC68CC-6748-4F33-9589-FB546430FCDE}.Debug|Any CPU.Build.0 = Debug|Any CPU
		{0EEC68CC-6748-4F33-9589-FB546430FCDE}.Debug|x64.ActiveCfg = Debug|Any CPU
		{0EEC68CC-6748-4F33-9589-FB546430FCDE}.Debug|x64.Build.0 = Debug|Any CPU
		{0EEC68CC-6748-4F33-9589-FB546430FCDE}.Debug|x86.ActiveCfg = Debug|Any CPU
		{0EEC68CC-6748-4F33-9589-FB546430FCDE}.Debug|x86.Build.0 = Debug|Any CPU
		{0EEC68CC-6748-4F33-9589-FB546430FCDE}.Release|Any CPU.ActiveCfg = Release|Any CPU
		{0EEC68CC-6748-4F33-9589-FB546430FCDE}.Release|Any CPU.Build.0 = Release|Any CPU
		{0EEC68CC-6748-4F33-9589-FB546430FCDE}.Release|x64.ActiveCfg = Release|Any CPU
		{0EEC68CC-6748-4F33-9589-FB546430FCDE}.Release|x64.Build.0 = Release|Any CPU
		{0EEC68CC-6748-4F33-9589-FB546430FCDE}.Release|x86.ActiveCfg = Release|Any CPU
		{0EEC68CC-6748-4F33-9589-FB546430FCDE}.Release|x86.Build.0 = Release|Any CPU
		{0AF23E1A-A511-41DA-9CCC-D25F8C33B6E9}.Debug|Any CPU.ActiveCfg = Debug|Any CPU
		{0AF23E1A-A511-41DA-9CCC-D25F8C33B6E9}.Debug|Any CPU.Build.0 = Debug|Any CPU
		{0AF23E1A-A511-41DA-9CCC-D25F8C33B6E9}.Debug|x64.ActiveCfg = Debug|Any CPU
		{0AF23E1A-A511-41DA-9CCC-D25F8C33B6E9}.Debug|x64.Build.0 = Debug|Any CPU
		{0AF23E1A-A511-41DA-9CCC-D25F8C33B6E9}.Debug|x86.ActiveCfg = Debug|Any CPU
		{0AF23E1A-A511-41DA-9CCC-D25F8C33B6E9}.Debug|x86.Build.0 = Debug|Any CPU
		{0AF23E1A-A511-41DA-9CCC-D25F8C33B6E9}.Release|Any CPU.ActiveCfg = Release|Any CPU
		{0AF23E1A-A511-41DA-9CCC-D25F8C33B6E9}.Release|Any CPU.Build.0 = Release|Any CPU
		{0AF23E1A-A511-41DA-9CCC-D25F8C33B6E9}.Release|x64.ActiveCfg = Release|Any CPU
		{0AF23E1A-A511-41DA-9CCC-D25F8C33B6E9}.Release|x64.Build.0 = Release|Any CPU
		{0AF23E1A-A511-41DA-9CCC-D25F8C33B6E9}.Release|x86.ActiveCfg = Release|Any CPU
		{0AF23E1A-A511-41DA-9CCC-D25F8C33B6E9}.Release|x86.Build.0 = Release|Any CPU
	EndGlobalSection
	GlobalSection(SolutionProperties) = preSolution
		HideSolutionNode = FALSE
	EndGlobalSection
	GlobalSection(NestedProjects) = preSolution
		{0EEC68CC-6748-4F33-9589-FB546430FCDE} = {C319F810-566E-4891-BAE4-18BFD314BEA1}
		{0AF23E1A-A511-41DA-9CCC-D25F8C33B6E9} = {95AA5431-86A5-4378-929C-BDC812C732EE}
	EndGlobalSection
	GlobalSection(ExtensibilityGlobals) = postSolution
		SolutionGuid = {00AE27E0-1350-46D3-A6D9-B76063CA26AD}
	EndGlobalSection
EndGlobal
